
Microsoft Visual Studio Solution File, Format Version 12.00
# Visual Studio Version 17
VisualStudioVersion = 17.10.35013.160
MinimumVisualStudioVersion = 10.0.40219.1
Project("{FAE04EC0-301F-11D3-BF4B-00C04F79EFBC}") = "AnalyseMoneten", "AnalyseMoneten\AnalyseMoneten.csproj", "{6A52C499-3D5B-495A-96F4-AFC2BBF7FC47}"
EndProject
Global
	GlobalSection(SolutionConfigurationPlatforms) = preSolution
		Debug|Any CPU = Debug|Any CPU
		Release|Any CPU = Release|Any CPU
	EndGlobalSection
	GlobalSection(ProjectConfigurationPlatforms) = postSolution
		{6A52C499-3D5B-495A-96F4-AFC2BBF7FC47}.Debug|Any CPU.ActiveCfg = Debug|Any CPU
		{6A52C499-3D5B-495A-96F4-AFC2BBF7FC47}.Debug|Any CPU.Build.0 = Debug|Any CPU
		{6A52C499-3D5B-495A-96F4-AFC2BBF7FC47}.Release|Any CPU.ActiveCfg = Release|Any CPU
		{6A52C499-3D5B-495A-96F4-AFC2BBF7FC47}.Release|Any CPU.Build.0 = Release|Any CPU
	EndGlobalSection
	GlobalSection(SolutionProperties) = preSolution
		HideSolutionNode = FALSE
	EndGlobalSection
	GlobalSection(ExtensibilityGlobals) = postSolution
		SolutionGuid = {37AA8E72-9EB8-4088-AF74-EF2CC33A07DA}
	EndGlobalSection
EndGlobal
